// !$*UTF8*$!
{
	archiveVersion = 1;
	classes = {
	};
	objectVersion = 46;
	objects = {

/* Begin PBXBuildFile section */
		8C85EBCF4AA33852BDA0D3BA /* Pods_TransferInformation.framework in Frameworks */ = {isa = PBXBuildFile; fileRef = 8BC6175565F813CBB0BE187A /* Pods_TransferInformation.framework */; };
		EC1EE0D31F0E1E2900D47C9F /* AppDelegate.swift in Sources */ = {isa = PBXBuildFile; fileRef = EC1EE0D21F0E1E2900D47C9F /* AppDelegate.swift */; };
		EC1EE0D51F0E1E2900D47C9F /* ViewController.swift in Sources */ = {isa = PBXBuildFile; fileRef = EC1EE0D41F0E1E2900D47C9F /* ViewController.swift */; };
		EC1EE0D81F0E1E2900D47C9F /* Main.storyboard in Resources */ = {isa = PBXBuildFile; fileRef = EC1EE0D61F0E1E2900D47C9F /* Main.storyboard */; };
		EC1EE0DA1F0E1E2900D47C9F /* Assets.xcassets in Resources */ = {isa = PBXBuildFile; fileRef = EC1EE0D91F0E1E2900D47C9F /* Assets.xcassets */; };
		EC1EE0DD1F0E1E2900D47C9F /* LaunchScreen.storyboard in Resources */ = {isa = PBXBuildFile; fileRef = EC1EE0DB1F0E1E2900D47C9F /* LaunchScreen.storyboard */; };
		EC1EE0E71F0E240C00D47C9F /* secondViewController.swift in Sources */ = {isa = PBXBuildFile; fileRef = EC1EE0E61F0E240C00D47C9F /* secondViewController.swift */; };
		EC1EE0E91F0E2A1F00D47C9F /* TransitionManager.swift in Sources */ = {isa = PBXBuildFile; fileRef = EC1EE0E81F0E2A1F00D47C9F /* TransitionManager.swift */; };
		EC7A88911F0E5D25009514AB /* Realm.framework in Frameworks */ = {isa = PBXBuildFile; fileRef = EC7A888F1F0E5D25009514AB /* Realm.framework */; };
		EC7A88921F0E5D25009514AB /* RealmSwift.framework in Frameworks */ = {isa = PBXBuildFile; fileRef = EC7A88901F0E5D25009514AB /* RealmSwift.framework */; };
		EC7A889A1F0E71B8009514AB /* DBEvent.swift in Sources */ = {isa = PBXBuildFile; fileRef = EC7A88991F0E71B8009514AB /* DBEvent.swift */; };
		EC7A889D1F0E71D1009514AB /* DBTree.swift in Sources */ = {isa = PBXBuildFile; fileRef = EC7A889C1F0E71D1009514AB /* DBTree.swift */; };
		EC7A889F1F0E7520009514AB /* TestDog.swift in Sources */ = {isa = PBXBuildFile; fileRef = EC7A889E1F0E7520009514AB /* TestDog.swift */; };
		EC7A88A11F0E7792009514AB /* DOG.swift in Sources */ = {isa = PBXBuildFile; fileRef = EC7A88A01F0E7792009514AB /* DOG.swift */; };
/* End PBXBuildFile section */

/* Begin PBXFileReference section */
		8BC6175565F813CBB0BE187A /* Pods_TransferInformation.framework */ = {isa = PBXFileReference; explicitFileType = wrapper.framework; includeInIndex = 0; path = Pods_TransferInformation.framework; sourceTree = BUILT_PRODUCTS_DIR; };
		A9DE02422D27D02B7AF5DAC0 /* Pods-TransferInformation.release.xcconfig */ = {isa = PBXFileReference; includeInIndex = 1; lastKnownFileType = text.xcconfig; name = "Pods-TransferInformation.release.xcconfig"; path = "Pods/Target Support Files/Pods-TransferInformation/Pods-TransferInformation.release.xcconfig"; sourceTree = "<group>"; };
		C7DB6DF4ABA0BE4F5E36E942 /* Pods-TransferInformation.debug.xcconfig */ = {isa = PBXFileReference; includeInIndex = 1; lastKnownFileType = text.xcconfig; name = "Pods-TransferInformation.debug.xcconfig"; path = "Pods/Target Support Files/Pods-TransferInformation/Pods-TransferInformation.debug.xcconfig"; sourceTree = "<group>"; };
		EC1EE0CF1F0E1E2900D47C9F /* TransferInformation.app */ = {isa = PBXFileReference; explicitFileType = wrapper.application; includeInIndex = 0; path = TransferInformation.app; sourceTree = BUILT_PRODUCTS_DIR; };
		EC1EE0D21F0E1E2900D47C9F /* AppDelegate.swift */ = {isa = PBXFileReference; lastKnownFileType = sourcecode.swift; path = AppDelegate.swift; sourceTree = "<group>"; };
		EC1EE0D41F0E1E2900D47C9F /* ViewController.swift */ = {isa = PBXFileReference; lastKnownFileType = sourcecode.swift; path = ViewController.swift; sourceTree = "<group>"; };
		EC1EE0D71F0E1E2900D47C9F /* Base */ = {isa = PBXFileReference; lastKnownFileType = file.storyboard; name = Base; path = Base.lproj/Main.storyboard; sourceTree = "<group>"; };
		EC1EE0D91F0E1E2900D47C9F /* Assets.xcassets */ = {isa = PBXFileReference; lastKnownFileType = folder.assetcatalog; path = Assets.xcassets; sourceTree = "<group>"; };
		EC1EE0DC1F0E1E2900D47C9F /* Base */ = {isa = PBXFileReference; lastKnownFileType = file.storyboard; name = Base; path = Base.lproj/LaunchScreen.storyboard; sourceTree = "<group>"; };
		EC1EE0DE1F0E1E2900D47C9F /* Info.plist */ = {isa = PBXFileReference; lastKnownFileType = text.plist.xml; path = Info.plist; sourceTree = "<group>"; };
		EC1EE0E61F0E240C00D47C9F /* secondViewController.swift */ = {isa = PBXFileReference; fileEncoding = 4; lastKnownFileType = sourcecode.swift; path = secondViewController.swift; sourceTree = "<group>"; };
		EC1EE0E81F0E2A1F00D47C9F /* TransitionManager.swift */ = {isa = PBXFileReference; fileEncoding = 4; lastKnownFileType = sourcecode.swift; path = TransitionManager.swift; sourceTree = "<group>"; };
		EC7A888F1F0E5D25009514AB /* Realm.framework */ = {isa = PBXFileReference; lastKnownFileType = wrapper.framework; path = Realm.framework; sourceTree = "<group>"; };
		EC7A88901F0E5D25009514AB /* RealmSwift.framework */ = {isa = PBXFileReference; lastKnownFileType = wrapper.framework; path = RealmSwift.framework; sourceTree = "<group>"; };
		EC7A88971F0E6EDC009514AB /* TransferInformation.entitlements */ = {isa = PBXFileReference; lastKnownFileType = text.plist.entitlements; path = TransferInformation.entitlements; sourceTree = "<group>"; };
		EC7A88991F0E71B8009514AB /* DBEvent.swift */ = {isa = PBXFileReference; fileEncoding = 4; lastKnownFileType = sourcecode.swift; path = DBEvent.swift; sourceTree = "<group>"; };
		EC7A889C1F0E71D1009514AB /* DBTree.swift */ = {isa = PBXFileReference; fileEncoding = 4; lastKnownFileType = sourcecode.swift; path = DBTree.swift; sourceTree = "<group>"; };
		EC7A889E1F0E7520009514AB /* TestDog.swift */ = {isa = PBXFileReference; fileEncoding = 4; lastKnownFileType = sourcecode.swift; path = TestDog.swift; sourceTree = "<group>"; };
		EC7A88A01F0E7792009514AB /* DOG.swift */ = {isa = PBXFileReference; fileEncoding = 4; lastKnownFileType = sourcecode.swift; path = DOG.swift; sourceTree = "<group>"; };
/* End PBXFileReference section */

/* Begin PBXFrameworksBuildPhase section */
		EC1EE0CC1F0E1E2900D47C9F /* Frameworks */ = {
			isa = PBXFrameworksBuildPhase;
			buildActionMask = 2147483647;
			files = (
				EC7A88911F0E5D25009514AB /* Realm.framework in Frameworks */,
				8C85EBCF4AA33852BDA0D3BA /* Pods_TransferInformation.framework in Frameworks */,
				EC7A88921F0E5D25009514AB /* RealmSwift.framework in Frameworks */,
			);
			runOnlyForDeploymentPostprocessing = 0;
		};
/* End PBXFrameworksBuildPhase section */

/* Begin PBXGroup section */
		3EE6F96B1CD623CE994EC1A7 /* Pods */ = {
			isa = PBXGroup;
			children = (
				C7DB6DF4ABA0BE4F5E36E942 /* Pods-TransferInformation.debug.xcconfig */,
				A9DE02422D27D02B7AF5DAC0 /* Pods-TransferInformation.release.xcconfig */,
			);
			name = Pods;
			sourceTree = "<group>";
		};
		723C9AE0332191E0C52D2B83 /* Frameworks */ = {
			isa = PBXGroup;
			children = (
				8BC6175565F813CBB0BE187A /* Pods_TransferInformation.framework */,
			);
			name = Frameworks;
			sourceTree = "<group>";
		};
		EC1EE0C61F0E1E2900D47C9F = {
			isa = PBXGroup;
			children = (
				EC1EE0D11F0E1E2900D47C9F /* TransferInformation */,
				EC1EE0D01F0E1E2900D47C9F /* Products */,
				3EE6F96B1CD623CE994EC1A7 /* Pods */,
				723C9AE0332191E0C52D2B83 /* Frameworks */,
			);
			sourceTree = "<group>";
		};
		EC1EE0D01F0E1E2900D47C9F /* Products */ = {
			isa = PBXGroup;
			children = (
				EC1EE0CF1F0E1E2900D47C9F /* TransferInformation.app */,
			);
			name = Products;
			sourceTree = "<group>";
		};
		EC1EE0D11F0E1E2900D47C9F /* TransferInformation */ = {
			isa = PBXGroup;
			children = (
				EC7A88971F0E6EDC009514AB /* TransferInformation.entitlements */,
				EC1EE0D21F0E1E2900D47C9F /* AppDelegate.swift */,
				EC1EE0E61F0E240C00D47C9F /* secondViewController.swift */,
				EC1EE0E81F0E2A1F00D47C9F /* TransitionManager.swift */,
				EC1EE0D41F0E1E2900D47C9F /* ViewController.swift */,
				EC1EE0D61F0E1E2900D47C9F /* Main.storyboard */,
				EC1EE0D91F0E1E2900D47C9F /* Assets.xcassets */,
				EC1EE0DB1F0E1E2900D47C9F /* LaunchScreen.storyboard */,
				EC7A88981F0E7187009514AB /* Model */,
				EC1EE0DE1F0E1E2900D47C9F /* Info.plist */,
				EC7A888F1F0E5D25009514AB /* Realm.framework */,
				EC7A88901F0E5D25009514AB /* RealmSwift.framework */,
			);
			path = TransferInformation;
			sourceTree = "<group>";
		};
		EC7A88981F0E7187009514AB /* Model */ = {
			isa = PBXGroup;
			children = (
				EC7A88991F0E71B8009514AB /* DBEvent.swift */,
				EC7A889E1F0E7520009514AB /* TestDog.swift */,
				EC7A889C1F0E71D1009514AB /* DBTree.swift */,
				EC7A88A01F0E7792009514AB /* DOG.swift */,
			);
			name = Model;
			sourceTree = "<group>";
		};
/* End PBXGroup section */

/* Begin PBXNativeTarget section */
		EC1EE0CE1F0E1E2900D47C9F /* TransferInformation */ = {
			isa = PBXNativeTarget;
			buildConfigurationList = EC1EE0E11F0E1E2900D47C9F /* Build configuration list for PBXNativeTarget "TransferInformation" */;
			buildPhases = (
				E4F1F50E4089052397DC9254 /* [CP] Check Pods Manifest.lock */,
				EC1EE0CB1F0E1E2900D47C9F /* Sources */,
				EC1EE0CC1F0E1E2900D47C9F /* Frameworks */,
				EC1EE0CD1F0E1E2900D47C9F /* Resources */,
				D3C844CC0A955201248500A4 /* [CP] Embed Pods Frameworks */,
				8100872EBE84BC20EA20D75A /* [CP] Copy Pods Resources */,
			);
			buildRules = (
			);
			dependencies = (
			);
			name = TransferInformation;
			productName = TransferInformation;
			productReference = EC1EE0CF1F0E1E2900D47C9F /* TransferInformation.app */;
			productType = "com.apple.product-type.application";
		};
/* End PBXNativeTarget section */

/* Begin PBXProject section */
		EC1EE0C71F0E1E2900D47C9F /* Project object */ = {
			isa = PBXProject;
			attributes = {
				LastSwiftUpdateCheck = 0830;
				LastUpgradeCheck = 0830;
				ORGANIZATIONNAME = intern;
				TargetAttributes = {
					EC1EE0CE1F0E1E2900D47C9F = {
						CreatedOnToolsVersion = 8.3.3;
						DevelopmentTeam = 43GDRMYERL;
						ProvisioningStyle = Automatic;
						SystemCapabilities = {
							com.apple.Keychain = {
								enabled = 1;
							};
						};
					};
				};
			};
			buildConfigurationList = EC1EE0CA1F0E1E2900D47C9F /* Build configuration list for PBXProject "TransferInformation" */;
			compatibilityVersion = "Xcode 3.2";
			developmentRegion = English;
			hasScannedForEncodings = 0;
			knownRegions = (
				en,
				Base,
			);
			mainGroup = EC1EE0C61F0E1E2900D47C9F;
			productRefGroup = EC1EE0D01F0E1E2900D47C9F /* Products */;
			projectDirPath = "";
			projectRoot = "";
			targets = (
				EC1EE0CE1F0E1E2900D47C9F /* TransferInformation */,
			);
		};
/* End PBXProject section */

/* Begin PBXResourcesBuildPhase section */
		EC1EE0CD1F0E1E2900D47C9F /* Resources */ = {
			isa = PBXResourcesBuildPhase;
			buildActionMask = 2147483647;
			files = (
				EC1EE0DD1F0E1E2900D47C9F /* LaunchScreen.storyboard in Resources */,
				EC1EE0DA1F0E1E2900D47C9F /* Assets.xcassets in Resources */,
				EC1EE0D81F0E1E2900D47C9F /* Main.storyboard in Resources */,
			);
			runOnlyForDeploymentPostprocessing = 0;
		};
/* End PBXResourcesBuildPhase section */

/* Begin PBXShellScriptBuildPhase section */
		8100872EBE84BC20EA20D75A /* [CP] Copy Pods Resources */ = {
			isa = PBXShellScriptBuildPhase;
			buildActionMask = 2147483647;
			files = (
			);
			inputPaths = (
			);
			name = "[CP] Copy Pods Resources";
			outputPaths = (
			);
			runOnlyForDeploymentPostprocessing = 0;
			shellPath = /bin/sh;
			shellScript = "\"${SRCROOT}/Pods/Target Support Files/Pods-TransferInformation/Pods-TransferInformation-resources.sh\"\n";
			showEnvVarsInLog = 0;
		};
		D3C844CC0A955201248500A4 /* [CP] Embed Pods Frameworks */ = {
			isa = PBXShellScriptBuildPhase;
			buildActionMask = 2147483647;
			files = (
			);
			inputPaths = (
			);
			name = "[CP] Embed Pods Frameworks";
			outputPaths = (
			);
			runOnlyForDeploymentPostprocessing = 0;
			shellPath = /bin/sh;
			shellScript = "\"${SRCROOT}/Pods/Target Support Files/Pods-TransferInformation/Pods-TransferInformation-frameworks.sh\"\n";
			showEnvVarsInLog = 0;
		};
		E4F1F50E4089052397DC9254 /* [CP] Check Pods Manifest.lock */ = {
			isa = PBXShellScriptBuildPhase;
			buildActionMask = 2147483647;
			files = (
			);
			inputPaths = (
			);
			name = "[CP] Check Pods Manifest.lock";
			outputPaths = (
			);
			runOnlyForDeploymentPostprocessing = 0;
			shellPath = /bin/sh;
			shellScript = "diff \"${PODS_PODFILE_DIR_PATH}/Podfile.lock\" \"${PODS_ROOT}/Manifest.lock\" > /dev/null\nif [ $? != 0 ] ; then\n    # print error to STDERR\n    echo \"error: The sandbox is not in sync with the Podfile.lock. Run 'pod install' or update your CocoaPods installation.\" >&2\n    exit 1\nfi\n";
			showEnvVarsInLog = 0;
		};
/* End PBXShellScriptBuildPhase section */

/* Begin PBXSourcesBuildPhase section */
		EC1EE0CB1F0E1E2900D47C9F /* Sources */ = {
			isa = PBXSourcesBuildPhase;
			buildActionMask = 2147483647;
			files = (
				EC7A889F1F0E7520009514AB /* TestDog.swift in Sources */,
				EC7A889D1F0E71D1009514AB /* DBTree.swift in Sources */,
				EC1EE0E91F0E2A1F00D47C9F /* TransitionManager.swift in Sources */,
				EC7A889A1F0E71B8009514AB /* DBEvent.swift in Sources */,
				EC1EE0D51F0E1E2900D47C9F /* ViewController.swift in Sources */,
				EC1EE0E71F0E240C00D47C9F /* secondViewController.swift in Sources */,
				EC7A88A11F0E7792009514AB /* DOG.swift in Sources */,
				EC1EE0D31F0E1E2900D47C9F /* AppDelegate.swift in Sources */,
			);
			runOnlyForDeploymentPostprocessing = 0;
		};
/* End PBXSourcesBuildPhase section */

/* Begin PBXVariantGroup section */
		EC1EE0D61F0E1E2900D47C9F /* Main.storyboard */ = {
			isa = PBXVariantGroup;
			children = (
				EC1EE0D71F0E1E2900D47C9F /* Base */,
			);
			name = Main.storyboard;
			sourceTree = "<group>";
		};
		EC1EE0DB1F0E1E2900D47C9F /* LaunchScreen.storyboard */ = {
			isa = PBXVariantGroup;
			children = (
				EC1EE0DC1F0E1E2900D47C9F /* Base */,
			);
			name = LaunchScreen.storyboard;
			sourceTree = "<group>";
		};
/* End PBXVariantGroup section */

/* Begin XCBuildConfiguration section */
		EC1EE0DF1F0E1E2900D47C9F /* Debug */ = {
			isa = XCBuildConfiguration;
			buildSettings = {
				ALWAYS_SEARCH_USER_PATHS = NO;
				CLANG_ANALYZER_NONNULL = YES;
				CLANG_ANALYZER_NUMBER_OBJECT_CONVERSION = YES_AGGRESSIVE;
				CLANG_CXX_LANGUAGE_STANDARD = "gnu++0x";
				CLANG_CXX_LIBRARY = "libc++";
				CLANG_ENABLE_MODULES = YES;
				CLANG_ENABLE_OBJC_ARC = YES;
				CLANG_WARN_BOOL_CONVERSION = YES;
				CLANG_WARN_CONSTANT_CONVERSION = YES;
				CLANG_WARN_DIRECT_OBJC_ISA_USAGE = YES_ERROR;
				CLANG_WARN_DOCUMENTATION_COMMENTS = YES;
				CLANG_WARN_EMPTY_BODY = YES;
				CLANG_WARN_ENUM_CONVERSION = YES;
				CLANG_WARN_INFINITE_RECURSION = YES;
				CLANG_WARN_INT_CONVERSION = YES;
				CLANG_WARN_OBJC_ROOT_CLASS = YES_ERROR;
				CLANG_WARN_SUSPICIOUS_MOVE = YES;
				CLANG_WARN_UNREACHABLE_CODE = YES;
				CLANG_WARN__DUPLICATE_METHOD_MATCH = YES;
				"CODE_SIGN_IDENTITY[sdk=iphoneos*]" = "iPhone Developer";
				COPY_PHASE_STRIP = NO;
				DEBUG_INFORMATION_FORMAT = dwarf;
				ENABLE_STRICT_OBJC_MSGSEND = YES;
				ENABLE_TESTABILITY = YES;
				GCC_C_LANGUAGE_STANDARD = gnu99;
				GCC_DYNAMIC_NO_PIC = NO;
				GCC_NO_COMMON_BLOCKS = YES;
				GCC_OPTIMIZATION_LEVEL = 0;
				GCC_PREPROCESSOR_DEFINITIONS = (
					"DEBUG=1",
					"$(inherited)",
				);
				GCC_WARN_64_TO_32_BIT_CONVERSION = YES;
				GCC_WARN_ABOUT_RETURN_TYPE = YES_ERROR;
				GCC_WARN_UNDECLARED_SELECTOR = YES;
				GCC_WARN_UNINITIALIZED_AUTOS = YES_AGGRESSIVE;
				GCC_WARN_UNUSED_FUNCTION = YES;
				GCC_WARN_UNUSED_VARIABLE = YES;
				IPHONEOS_DEPLOYMENT_TARGET = 10.3;
				MTL_ENABLE_DEBUG_INFO = YES;
				ONLY_ACTIVE_ARCH = YES;
				SDKROOT = iphoneos;
				SWIFT_ACTIVE_COMPILATION_CONDITIONS = DEBUG;
				SWIFT_OPTIMIZATION_LEVEL = "-Onone";
			};
			name = Debug;
		};
		EC1EE0E01F0E1E2900D47C9F /* Release */ = {
			isa = XCBuildConfiguration;
			buildSettings = {
				ALWAYS_SEARCH_USER_PATHS = NO;
				CLANG_ANALYZER_NONNULL = YES;
				CLANG_ANALYZER_NUMBER_OBJECT_CONVERSION = YES_AGGRESSIVE;
				CLANG_CXX_LANGUAGE_STANDARD = "gnu++0x";
				CLANG_CXX_LIBRARY = "libc++";
				CLANG_ENABLE_MODULES = YES;
				CLANG_ENABLE_OBJC_ARC = YES;
				CLANG_WARN_BOOL_CONVERSION = YES;
				CLANG_WARN_CONSTANT_CONVERSION = YES;
				CLANG_WARN_DIRECT_OBJC_ISA_USAGE = YES_ERROR;
				CLANG_WARN_DOCUMENTATION_COMMENTS = YES;
				CLANG_WARN_EMPTY_BODY = YES;
				CLANG_WARN_ENUM_CONVERSION = YES;
				CLANG_WARN_INFINITE_RECURSION = YES;
				CLANG_WARN_INT_CONVERSION = YES;
				CLANG_WARN_OBJC_ROOT_CLASS = YES_ERROR;
				CLANG_WARN_SUSPICIOUS_MOVE = YES;
				CLANG_WARN_UNREACHABLE_CODE = YES;
				CLANG_WARN__DUPLICATE_METHOD_MATCH = YES;
				"CODE_SIGN_IDENTITY[sdk=iphoneos*]" = "iPhone Developer";
				COPY_PHASE_STRIP = NO;
				DEBUG_INFORMATION_FORMAT = "dwarf-with-dsym";
				ENABLE_NS_ASSERTIONS = NO;
				ENABLE_STRICT_OBJC_MSGSEND = YES;
				GCC_C_LANGUAGE_STANDARD = gnu99;
				GCC_NO_COMMON_BLOCKS = YES;
				GCC_WARN_64_TO_32_BIT_CONVERSION = YES;
				GCC_WARN_ABOUT_RETURN_TYPE = YES_ERROR;
				GCC_WARN_UNDECLARED_SELECTOR = YES;
				GCC_WARN_UNINITIALIZED_AUTOS = YES_AGGRESSIVE;
				GCC_WARN_UNUSED_FUNCTION = YES;
				GCC_WARN_UNUSED_VARIABLE = YES;
				IPHONEOS_DEPLOYMENT_TARGET = 10.3;
				MTL_ENABLE_DEBUG_INFO = NO;
				SDKROOT = iphoneos;
				SWIFT_OPTIMIZATION_LEVEL = "-Owholemodule";
				VALIDATE_PRODUCT = YES;
			};
			name = Release;
		};
		EC1EE0E21F0E1E2900D47C9F /* Debug */ = {
			isa = XCBuildConfiguration;
			baseConfigurationReference = C7DB6DF4ABA0BE4F5E36E942 /* Pods-TransferInformation.debug.xcconfig */;
			buildSettings = {
				ASSETCATALOG_COMPILER_APPICON_NAME = AppIcon;
				CODE_SIGN_ENTITLEMENTS = TransferInformation/TransferInformation.entitlements;
				DEVELOPMENT_TEAM = 43GDRMYERL;
				FRAMEWORK_SEARCH_PATHS = (
					"$(inherited)",
					"$(PROJECT_DIR)/TransferInformation",
				);
				INFOPLIST_FILE = TransferInformation/Info.plist;
				LD_RUNPATH_SEARCH_PATHS = "$(inherited) @executable_path/Frameworks";
				PRODUCT_BUNDLE_IDENTIFIER = DonRiver.TransferInformation;
				PRODUCT_NAME = "$(TARGET_NAME)";
				SWIFT_VERSION = 3.0;
			};
			name = Debug;
		};
		EC1EE0E31F0E1E2900D47C9F /* Release */ = {
			isa = XCBuildConfiguration;
			baseConfigurationReference = A9DE02422D27D02B7AF5DAC0 /* Pods-TransferInformation.release.xcconfig */;
			buildSettings = {
				ASSETCATALOG_COMPILER_APPICON_NAME = AppIcon;
				CODE_SIGN_ENTITLEMENTS = TransferInformation/TransferInformation.entitlements;
				DEVELOPMENT_TEAM = 43GDRMYERL;
				FRAMEWORK_SEARCH_PATHS = (
					"$(inherited)",
					"$(PROJECT_DIR)/TransferInformation",
				);
				INFOPLIST_FILE = TransferInformation/Info.plist;
				LD_RUNPATH_SEARCH_PATHS = "$(inherited) @executable_path/Frameworks";
				PRODUCT_BUNDLE_IDENTIFIER = DonRiver.TransferInformation;
				PRODUCT_NAME = "$(TARGET_NAME)";
				SWIFT_VERSION = 3.0;
			};
			name = Release;
		};
/* End XCBuildConfiguration section */

/* Begin XCConfigurationList section */
		EC1EE0CA1F0E1E2900D47C9F /* Build configuration list for PBXProject "TransferInformation" */ = {
			isa = XCConfigurationList;
			buildConfigurations = (
				EC1EE0DF1F0E1E2900D47C9F /* Debug */,
				EC1EE0E01F0E1E2900D47C9F /* Release */,
			);
			defaultConfigurationIsVisible = 0;
			defaultConfigurationName = Release;
		};
		EC1EE0E11F0E1E2900D47C9F /* Build configuration list for PBXNativeTarget "TransferInformation" */ = {
			isa = XCConfigurationList;
			buildConfigurations = (
				EC1EE0E21F0E1E2900D47C9F /* Debug */,
				EC1EE0E31F0E1E2900D47C9F /* Release */,
			);
			defaultConfigurationIsVisible = 0;
			defaultConfigurationName = Release;
		};
/* End XCConfigurationList section */
	};
	rootObject = EC1EE0C71F0E1E2900D47C9F /* Project object */;
}
